{
  "name": "centro_platon",
  "version": "1.0.0",
  "lockfileVersion": 3,
  "requires": true,
  "packages": {
    "": {
      "name": "centro_platon",
      "version": "1.0.0",
      "license": "ISC",
      "dependencies": {
        "centro_platon": "file:"
      }
    },
    "node_modules/centro_platon": {
      "resolved": "",
      "link": true
    }
  }
}
